
Microsoft Visual Studio Solution File, Format Version 12.00
# Visual Studio 15
VisualStudioVersion = 15.0.26730.15
MinimumVisualStudioVersion = 10.0.40219.1
Project("{FAE04EC0-301F-11D3-BF4B-00C04F79EFBC}") = "Calc3", "Calc3\Calc3.csproj", "{1C8417C4-2704-4DB5-92D5-464D45A9EFCB}"
EndProject
Global
	GlobalSection(SolutionConfigurationPlatforms) = preSolution
		Debug|Any CPU = Debug|Any CPU
		Release|Any CPU = Release|Any CPU
	EndGlobalSection
	GlobalSection(ProjectConfigurationPlatforms) = postSolution
		{1C8417C4-2704-4DB5-92D5-464D45A9EFCB}.Debug|Any CPU.ActiveCfg = Debug|Any CPU
		{1C8417C4-2704-4DB5-92D5-464D45A9EFCB}.Debug|Any CPU.Build.0 = Debug|Any CPU
		{1C8417C4-2704-4DB5-92D5-464D45A9EFCB}.Release|Any CPU.ActiveCfg = Release|Any CPU
		{1C8417C4-2704-4DB5-92D5-464D45A9EFCB}.Release|Any CPU.Build.0 = Release|Any CPU
	EndGlobalSection
	GlobalSection(SolutionProperties) = preSolution
		HideSolutionNode = FALSE
	EndGlobalSection
	GlobalSection(ExtensibilityGlobals) = postSolution
		SolutionGuid = {68E3CFF7-9C3D-4BDE-A53D-1AE366E80441}
	EndGlobalSection
EndGlobal
